
Microsoft Visual Studio Solution File, Format Version 12.00
# Visual Studio Version 16
VisualStudioVersion = 16.0.31105.61
MinimumVisualStudioVersion = 10.0.40219.1
Project("{FAE04EC0-301F-11D3-BF4B-00C04F79EFBC}") = "Sinema Büfe", "Sinema Büfe\Sinema Büfe.csproj", "{89A4539C-A6AD-4765-BF50-28172816D46D}"
EndProject
Global
	GlobalSection(SolutionConfigurationPlatforms) = preSolution
		Debug|Any CPU = Debug|Any CPU
		Release|Any CPU = Release|Any CPU
	EndGlobalSection
	GlobalSection(ProjectConfigurationPlatforms) = postSolution
		{89A4539C-A6AD-4765-BF50-28172816D46D}.Debug|Any CPU.ActiveCfg = Debug|Any CPU
		{89A4539C-A6AD-4765-BF50-28172816D46D}.Debug|Any CPU.Build.0 = Debug|Any CPU
		{89A4539C-A6AD-4765-BF50-28172816D46D}.Release|Any CPU.ActiveCfg = Release|Any CPU
		{89A4539C-A6AD-4765-BF50-28172816D46D}.Release|Any CPU.Build.0 = Release|Any CPU
	EndGlobalSection
	GlobalSection(SolutionProperties) = preSolution
		HideSolutionNode = FALSE
	EndGlobalSection
	GlobalSection(ExtensibilityGlobals) = postSolution
		SolutionGuid = {C5E14CE6-2AD9-4507-8687-BCEAE92E9116}
	EndGlobalSection
EndGlobal
